
Microsoft Visual Studio Solution File, Format Version 12.00
# Visual Studio 14
VisualStudioVersion = 14.0.23107.0
MinimumVisualStudioVersion = 10.0.40219.1
Project("{FAE04EC0-301F-11D3-BF4B-00C04F79EFBC}") = "CharLSNet_VS2015", "net\CharLSNet_VS2015.csproj", "{4EDED401-1B63-4989-BF3F-2875B6C9203D}"
EndProject
Project("{FAE04EC0-301F-11D3-BF4B-00C04F79EFBC}") = "CharLSNetTest_VS2015", "nettest\CharLSNetTest_VS2015.csproj", "{8B9087C8-9C4D-4F4E-BAC3-2434D915DD41}"
EndProject
Project("{8BC9CEB8-8B4A-11D0-8D11-00A0C91BC942}") = "CharLSTest_VS2015", "test\CharLSTest_VS2015.vcxproj", "{3E349E7B-30C2-4791-81B7-1108014291B7}"
EndProject
Project("{FAE04EC0-301F-11D3-BF4B-00C04F79EFBC}") = "Viewer_VS2015", "samples\viewer\Viewer_VS2015.csproj", "{62B47821-5105-49A2-A157-5FAE1AEA0686}"
EndProject
Project("{2150E333-8FDC-42A3-9474-1A3956D46DE8}") = "Samples", "Samples", "{BE733144-010D-4F7F-A619-0B73D8461D60}"
EndProject
Project("{2150E333-8FDC-42A3-9474-1A3956D46DE8}") = "Native", "Native", "{1C1CF63C-A53A-449F-90D3-63321015FD65}"
EndProject
Project("{2150E333-8FDC-42A3-9474-1A3956D46DE8}") = ".NET", ".NET", "{A81B52AC-655D-4D1F-B21B-9BC4529AB447}"
EndProject
Project("{8BC9CEB8-8B4A-11D0-8D11-00A0C91BC942}") = "CharLSUnitTest_VS2015", "unittest\CharLSUnitTest_VS2015.vcxproj", "{5293D7B4-4192-41FD-B9AF-CF4051D44545}"
EndProject
Project("{8BC9CEB8-8B4A-11D0-8D11-00A0C91BC942}") = "CharLS_VS2015", "src\CharLS_VS2015.vcxproj", "{524BE26D-FC60-4BC4-9100-128A0502FFF7}"
EndProject
Project("{8BC9CEB8-8B4A-11D0-8D11-00A0C91BC942}") = "Convert_VS2015", "samples\convert.c\Convert_VS2015.vcxproj", "{C36798B3-86DA-4935-80C4-996D5C415DA1}"
EndProject
Global
	GlobalSection(SolutionConfigurationPlatforms) = preSolution
		Checked|Win32 = Checked|Win32
		Checked|x64 = Checked|x64
		Debug|Win32 = Debug|Win32
		Debug|x64 = Debug|x64
		Release|Win32 = Release|Win32
		Release|x64 = Release|x64
	EndGlobalSection
	GlobalSection(ProjectConfigurationPlatforms) = postSolution
		{4EDED401-1B63-4989-BF3F-2875B6C9203D}.Checked|Win32.ActiveCfg = Checked|x86
		{4EDED401-1B63-4989-BF3F-2875B6C9203D}.Checked|Win32.Build.0 = Checked|x86
		{4EDED401-1B63-4989-BF3F-2875B6C9203D}.Checked|x64.ActiveCfg = Checked|x64
		{4EDED401-1B63-4989-BF3F-2875B6C9203D}.Checked|x64.Build.0 = Checked|x64
		{4EDED401-1B63-4989-BF3F-2875B6C9203D}.Debug|Win32.ActiveCfg = Debug|x86
		{4EDED401-1B63-4989-BF3F-2875B6C9203D}.Debug|Win32.Build.0 = Debug|x86
		{4EDED401-1B63-4989-BF3F-2875B6C9203D}.Debug|x64.ActiveCfg = Debug|x64
		{4EDED401-1B63-4989-BF3F-2875B6C9203D}.Debug|x64.Build.0 = Debug|x64
		{4EDED401-1B63-4989-BF3F-2875B6C9203D}.Release|Win32.ActiveCfg = Release|x86
		{4EDED401-1B63-4989-BF3F-2875B6C9203D}.Release|Win32.Build.0 = Release|x86
		{4EDED401-1B63-4989-BF3F-2875B6C9203D}.Release|x64.ActiveCfg = Release|x64
		{4EDED401-1B63-4989-BF3F-2875B6C9203D}.Release|x64.Build.0 = Release|x64
		{8B9087C8-9C4D-4F4E-BAC3-2434D915DD41}.Checked|Win32.ActiveCfg = Checked|x86
		{8B9087C8-9C4D-4F4E-BAC3-2434D915DD41}.Checked|Win32.Build.0 = Checked|x86
		{8B9087C8-9C4D-4F4E-BAC3-2434D915DD41}.Checked|x64.ActiveCfg = Checked|x64
		{8B9087C8-9C4D-4F4E-BAC3-2434D915DD41}.Checked|x64.Build.0 = Checked|x64
		{8B9087C8-9C4D-4F4E-BAC3-2434D915DD41}.Debug|Win32.ActiveCfg = Debug|x86
		{8B9087C8-9C4D-4F4E-BAC3-2434D915DD41}.Debug|Win32.Build.0 = Debug|x86
		{8B9087C8-9C4D-4F4E-BAC3-2434D915DD41}.Debug|x64.ActiveCfg = Debug|x64
		{8B9087C8-9C4D-4F4E-BAC3-2434D915DD41}.Debug|x64.Build.0 = Debug|x64
		{8B9087C8-9C4D-4F4E-BAC3-2434D915DD41}.Release|Win32.ActiveCfg = Release|x86
		{8B9087C8-9C4D-4F4E-BAC3-2434D915DD41}.Release|Win32.Build.0 = Release|x86
		{8B9087C8-9C4D-4F4E-BAC3-2434D915DD41}.Release|x64.ActiveCfg = Release|x64
		{8B9087C8-9C4D-4F4E-BAC3-2434D915DD41}.Release|x64.Build.0 = Release|x64
		{3E349E7B-30C2-4791-81B7-1108014291B7}.Checked|Win32.ActiveCfg = Checked|Win32
		{3E349E7B-30C2-4791-81B7-1108014291B7}.Checked|Win32.Build.0 = Checked|Win32
		{3E349E7B-30C2-4791-81B7-1108014291B7}.Checked|x64.ActiveCfg = Checked|x64
		{3E349E7B-30C2-4791-81B7-1108014291B7}.Checked|x64.Build.0 = Checked|x64
		{3E349E7B-30C2-4791-81B7-1108014291B7}.Debug|Win32.ActiveCfg = Debug|Win32
		{3E349E7B-30C2-4791-81B7-1108014291B7}.Debug|Win32.Build.0 = Debug|Win32
		{3E349E7B-30C2-4791-81B7-1108014291B7}.Debug|x64.ActiveCfg = Debug|x64
		{3E349E7B-30C2-4791-81B7-1108014291B7}.Debug|x64.Build.0 = Debug|x64
		{3E349E7B-30C2-4791-81B7-1108014291B7}.Release|Win32.ActiveCfg = Release|Win32
		{3E349E7B-30C2-4791-81B7-1108014291B7}.Release|Win32.Build.0 = Release|Win32
		{3E349E7B-30C2-4791-81B7-1108014291B7}.Release|x64.ActiveCfg = Release|x64
		{3E349E7B-30C2-4791-81B7-1108014291B7}.Release|x64.Build.0 = Release|x64
		{62B47821-5105-49A2-A157-5FAE1AEA0686}.Checked|Win32.ActiveCfg = Checked|x86
		{62B47821-5105-49A2-A157-5FAE1AEA0686}.Checked|Win32.Build.0 = Checked|x86
		{62B47821-5105-49A2-A157-5FAE1AEA0686}.Checked|x64.ActiveCfg = Checked|x64
		{62B47821-5105-49A2-A157-5FAE1AEA0686}.Checked|x64.Build.0 = Checked|x64
		{62B47821-5105-49A2-A157-5FAE1AEA0686}.Debug|Win32.ActiveCfg = Debug|x86
		{62B47821-5105-49A2-A157-5FAE1AEA0686}.Debug|Win32.Build.0 = Debug|x86
		{62B47821-5105-49A2-A157-5FAE1AEA0686}.Debug|x64.ActiveCfg = Debug|x64
		{62B47821-5105-49A2-A157-5FAE1AEA0686}.Debug|x64.Build.0 = Debug|x64
		{62B47821-5105-49A2-A157-5FAE1AEA0686}.Release|Win32.ActiveCfg = Release|x86
		{62B47821-5105-49A2-A157-5FAE1AEA0686}.Release|Win32.Build.0 = Release|x86
		{62B47821-5105-49A2-A157-5FAE1AEA0686}.Release|x64.ActiveCfg = Release|x64
		{62B47821-5105-49A2-A157-5FAE1AEA0686}.Release|x64.Build.0 = Release|x64
		{5293D7B4-4192-41FD-B9AF-CF4051D44545}.Checked|Win32.ActiveCfg = Debug|Win32
		{5293D7B4-4192-41FD-B9AF-CF4051D44545}.Checked|x64.ActiveCfg = Checked|Win32
		{5293D7B4-4192-41FD-B9AF-CF4051D44545}.Debug|Win32.ActiveCfg = Debug|Win32
		{5293D7B4-4192-41FD-B9AF-CF4051D44545}.Debug|Win32.Build.0 = Debug|Win32
		{5293D7B4-4192-41FD-B9AF-CF4051D44545}.Debug|x64.ActiveCfg = Debug|Win32
		{5293D7B4-4192-41FD-B9AF-CF4051D44545}.Release|Win32.ActiveCfg = Release|Win32
		{5293D7B4-4192-41FD-B9AF-CF4051D44545}.Release|x64.ActiveCfg = Release|Win32
		{524BE26D-FC60-4BC4-9100-128A0502FFF7}.Checked|Win32.ActiveCfg = Checked|Win32
		{524BE26D-FC60-4BC4-9100-128A0502FFF7}.Checked|Win32.Build.0 = Checked|Win32
		{524BE26D-FC60-4BC4-9100-128A0502FFF7}.Checked|x64.ActiveCfg = Checked|x64
		{524BE26D-FC60-4BC4-9100-128A0502FFF7}.Checked|x64.Build.0 = Checked|x64
		{524BE26D-FC60-4BC4-9100-128A0502FFF7}.Debug|Win32.ActiveCfg = Debug|Win32
		{524BE26D-FC60-4BC4-9100-128A0502FFF7}.Debug|Win32.Build.0 = Debug|Win32
		{524BE26D-FC60-4BC4-9100-128A0502FFF7}.Debug|x64.ActiveCfg = Debug|x64
		{524BE26D-FC60-4BC4-9100-128A0502FFF7}.Debug|x64.Build.0 = Debug|x64
		{524BE26D-FC60-4BC4-9100-128A0502FFF7}.Release|Win32.ActiveCfg = Release|Win32
		{524BE26D-FC60-4BC4-9100-128A0502FFF7}.Release|Win32.Build.0 = Release|Win32
		{524BE26D-FC60-4BC4-9100-128A0502FFF7}.Release|x64.ActiveCfg = Release|x64
		{524BE26D-FC60-4BC4-9100-128A0502FFF7}.Release|x64.Build.0 = Release|x64
		{C36798B3-86DA-4935-80C4-996D5C415DA1}.Checked|Win32.ActiveCfg = Release|Win32
		{C36798B3-86DA-4935-80C4-996D5C415DA1}.Checked|Win32.Build.0 = Release|Win32
		{C36798B3-86DA-4935-80C4-996D5C415DA1}.Checked|x64.ActiveCfg = Checked|x64
		{C36798B3-86DA-4935-80C4-996D5C415DA1}.Checked|x64.Build.0 = Checked|x64
		{C36798B3-86DA-4935-80C4-996D5C415DA1}.Debug|Win32.ActiveCfg = Debug|Win32
		{C36798B3-86DA-4935-80C4-996D5C415DA1}.Debug|Win32.Build.0 = Debug|Win32
		{C36798B3-86DA-4935-80C4-996D5C415DA1}.Debug|x64.ActiveCfg = Debug|x64
		{C36798B3-86DA-4935-80C4-996D5C415DA1}.Debug|x64.Build.0 = Debug|x64
		{C36798B3-86DA-4935-80C4-996D5C415DA1}.Release|Win32.ActiveCfg = Release|Win32
		{C36798B3-86DA-4935-80C4-996D5C415DA1}.Release|Win32.Build.0 = Release|Win32
		{C36798B3-86DA-4935-80C4-996D5C415DA1}.Release|x64.ActiveCfg = Release|x64
		{C36798B3-86DA-4935-80C4-996D5C415DA1}.Release|x64.Build.0 = Release|x64
	EndGlobalSection
	GlobalSection(SolutionProperties) = preSolution
		HideSolutionNode = FALSE
	EndGlobalSection
	GlobalSection(NestedProjects) = preSolution
		{4EDED401-1B63-4989-BF3F-2875B6C9203D} = {A81B52AC-655D-4D1F-B21B-9BC4529AB447}
		{8B9087C8-9C4D-4F4E-BAC3-2434D915DD41} = {A81B52AC-655D-4D1F-B21B-9BC4529AB447}
		{3E349E7B-30C2-4791-81B7-1108014291B7} = {1C1CF63C-A53A-449F-90D3-63321015FD65}
		{62B47821-5105-49A2-A157-5FAE1AEA0686} = {BE733144-010D-4F7F-A619-0B73D8461D60}
		{5293D7B4-4192-41FD-B9AF-CF4051D44545} = {1C1CF63C-A53A-449F-90D3-63321015FD65}
		{524BE26D-FC60-4BC4-9100-128A0502FFF7} = {1C1CF63C-A53A-449F-90D3-63321015FD65}
		{C36798B3-86DA-4935-80C4-996D5C415DA1} = {BE733144-010D-4F7F-A619-0B73D8461D60}
	EndGlobalSection
EndGlobal
