
Microsoft Visual Studio Solution File, Format Version 12.00
# Visual Studio 15
VisualStudioVersion = 15.0.26730.16
MinimumVisualStudioVersion = 10.0.40219.1
Project("{2150E333-8FDC-42A3-9474-1A3956D46DE8}") = "Native", "Native", "{1C1CF63C-A53A-449F-90D3-63321015FD65}"
EndProject
Project("{8BC9CEB8-8B4A-11D0-8D11-00A0C91BC942}") = "CharLS", "src\CharLS.vcxproj", "{FF506D97-CF63-4268-97B8-6195E13A0114}"
EndProject
Project("{8BC9CEB8-8B4A-11D0-8D11-00A0C91BC942}") = "CharLSTest", "test\CharLSTest.vcxproj", "{3E349E7B-30C2-4791-81B7-1108014291B7}"
EndProject
Global
	GlobalSection(SolutionConfigurationPlatforms) = preSolution
		Checked|Win32 = Checked|Win32
		Checked|x64 = Checked|x64
		Debug|Win32 = Debug|Win32
		Debug|x64 = Debug|x64
		Release|Win32 = Release|Win32
		Release|x64 = Release|x64
	EndGlobalSection
	GlobalSection(ProjectConfigurationPlatforms) = postSolution
		{FF506D97-CF63-4268-97B8-6195E13A0114}.Checked|Win32.ActiveCfg = Checked|Win32
		{FF506D97-CF63-4268-97B8-6195E13A0114}.Checked|Win32.Build.0 = Checked|Win32
		{FF506D97-CF63-4268-97B8-6195E13A0114}.Checked|x64.ActiveCfg = Checked|x64
		{FF506D97-CF63-4268-97B8-6195E13A0114}.Checked|x64.Build.0 = Checked|x64
		{FF506D97-CF63-4268-97B8-6195E13A0114}.Debug|Win32.ActiveCfg = Debug|Win32
		{FF506D97-CF63-4268-97B8-6195E13A0114}.Debug|Win32.Build.0 = Debug|Win32
		{FF506D97-CF63-4268-97B8-6195E13A0114}.Debug|x64.ActiveCfg = Debug|x64
		{FF506D97-CF63-4268-97B8-6195E13A0114}.Debug|x64.Build.0 = Debug|x64
		{FF506D97-CF63-4268-97B8-6195E13A0114}.Release|Win32.ActiveCfg = Release|Win32
		{FF506D97-CF63-4268-97B8-6195E13A0114}.Release|Win32.Build.0 = Release|Win32
		{FF506D97-CF63-4268-97B8-6195E13A0114}.Release|x64.ActiveCfg = Release|x64
		{FF506D97-CF63-4268-97B8-6195E13A0114}.Release|x64.Build.0 = Release|x64
		{3E349E7B-30C2-4791-81B7-1108014291B7}.Checked|Win32.ActiveCfg = Checked|Win32
		{3E349E7B-30C2-4791-81B7-1108014291B7}.Checked|Win32.Build.0 = Checked|Win32
		{3E349E7B-30C2-4791-81B7-1108014291B7}.Checked|x64.ActiveCfg = Checked|x64
		{3E349E7B-30C2-4791-81B7-1108014291B7}.Checked|x64.Build.0 = Checked|x64
		{3E349E7B-30C2-4791-81B7-1108014291B7}.Debug|Win32.ActiveCfg = Debug|Win32
		{3E349E7B-30C2-4791-81B7-1108014291B7}.Debug|Win32.Build.0 = Debug|Win32
		{3E349E7B-30C2-4791-81B7-1108014291B7}.Debug|x64.ActiveCfg = Debug|x64
		{3E349E7B-30C2-4791-81B7-1108014291B7}.Debug|x64.Build.0 = Debug|x64
		{3E349E7B-30C2-4791-81B7-1108014291B7}.Release|Win32.ActiveCfg = Release|Win32
		{3E349E7B-30C2-4791-81B7-1108014291B7}.Release|Win32.Build.0 = Release|Win32
		{3E349E7B-30C2-4791-81B7-1108014291B7}.Release|x64.ActiveCfg = Release|x64
		{3E349E7B-30C2-4791-81B7-1108014291B7}.Release|x64.Build.0 = Release|x64
	EndGlobalSection
	GlobalSection(SolutionProperties) = preSolution
		HideSolutionNode = FALSE
	EndGlobalSection
	GlobalSection(NestedProjects) = preSolution
		{FF506D97-CF63-4268-97B8-6195E13A0114} = {1C1CF63C-A53A-449F-90D3-63321015FD65}
		{3E349E7B-30C2-4791-81B7-1108014291B7} = {1C1CF63C-A53A-449F-90D3-63321015FD65}
	EndGlobalSection
	GlobalSection(ExtensibilityGlobals) = postSolution
		SolutionGuid = {6B5B8C0F-1C78-4C88-AC5A-83B14B01F46A}
	EndGlobalSection
EndGlobal
