
Microsoft Visual Studio Solution File, Format Version 12.00
# Visual Studio 15
VisualStudioVersion = 15.0.26228.4
MinimumVisualStudioVersion = 10.0.40219.1
Project("{8BC9CEB8-8B4A-11D0-8D11-00A0C91BC942}") = "CharLSTest_VS2017", "test\CharLSTest_VS2017.vcxproj", "{7185AD7F-57BA-42C7-A715-239CEA8ADC31}"
EndProject
Project("{2150E333-8FDC-42A3-9474-1A3956D46DE8}") = "Samples", "Samples", "{BE733144-010D-4F7F-A619-0B73D8461D60}"
EndProject
Project("{2150E333-8FDC-42A3-9474-1A3956D46DE8}") = "Native", "Native", "{1C1CF63C-A53A-449F-90D3-63321015FD65}"
EndProject
Project("{2150E333-8FDC-42A3-9474-1A3956D46DE8}") = ".NET", ".NET", "{A81B52AC-655D-4D1F-B21B-9BC4529AB447}"
EndProject
Project("{8BC9CEB8-8B4A-11D0-8D11-00A0C91BC942}") = "CharLS_VS2017", "src\CharLS_VS2017.vcxproj", "{1E31F9F1-F175-4082-B3E2-B1F0ECA3F44C}"
EndProject
Project("{2150E333-8FDC-42A3-9474-1A3956D46DE8}") = "Solution Items", "Solution Items", "{5F4C6204-36F8-4D63-BF33-ECFCB5D1D114}"
	ProjectSection(SolutionItems) = preProject
		.editorconfig = .editorconfig
	EndProjectSection
EndProject
Project("{FAE04EC0-301F-11D3-BF4B-00C04F79EFBC}") = "CharLSNet_VS2017", "net\CharLSNet_VS2017.csproj", "{6F9955C1-A285-4DE0-B3E6-F69EB08BBD7B}"
EndProject
Project("{FAE04EC0-301F-11D3-BF4B-00C04F79EFBC}") = "CharLSNetTest_VS2017", "nettest\CharLSNetTest_VS2017.csproj", "{002B897F-9D96-4A99-853F-53806C39559D}"
EndProject
Project("{8BC9CEB8-8B4A-11D0-8D11-00A0C91BC942}") = "Convert_VS2017", "samples\convert.c\Convert_VS2017.vcxproj", "{F42C0547-FEB3-40F4-9379-0FF87B44FA0F}"
	ProjectSection(ProjectDependencies) = postProject
		{1E31F9F1-F175-4082-B3E2-B1F0ECA3F44C} = {1E31F9F1-F175-4082-B3E2-B1F0ECA3F44C}
	EndProjectSection
EndProject
Project("{8BC9CEB8-8B4A-11D0-8D11-00A0C91BC942}") = "CharLSUnitTest_VS2017", "unittest\CharLSUnitTest_VS2017.vcxproj", "{4A912445-1E83-41FA-8B80-C0A9BD4E9289}"
EndProject
Project("{9A19103F-16F7-4668-BE54-9A1E7A4F7556}") = "CharLSNet_Standard14", "net14\CharLSNet_Standard14.csproj", "{368BA976-8A8A-425C-A082-52FAAD60DEEA}"
EndProject
Global
	GlobalSection(SolutionConfigurationPlatforms) = preSolution
		Checked|Win32 = Checked|Win32
		Checked|x64 = Checked|x64
		Debug|Win32 = Debug|Win32
		Debug|x64 = Debug|x64
		Release|Win32 = Release|Win32
		Release|x64 = Release|x64
	EndGlobalSection
	GlobalSection(ProjectConfigurationPlatforms) = postSolution
		{7185AD7F-57BA-42C7-A715-239CEA8ADC31}.Checked|Win32.ActiveCfg = Checked|Win32
		{7185AD7F-57BA-42C7-A715-239CEA8ADC31}.Checked|Win32.Build.0 = Checked|Win32
		{7185AD7F-57BA-42C7-A715-239CEA8ADC31}.Checked|x64.ActiveCfg = Checked|x64
		{7185AD7F-57BA-42C7-A715-239CEA8ADC31}.Checked|x64.Build.0 = Checked|x64
		{7185AD7F-57BA-42C7-A715-239CEA8ADC31}.Debug|Win32.ActiveCfg = Debug|Win32
		{7185AD7F-57BA-42C7-A715-239CEA8ADC31}.Debug|Win32.Build.0 = Debug|Win32
		{7185AD7F-57BA-42C7-A715-239CEA8ADC31}.Debug|x64.ActiveCfg = Debug|x64
		{7185AD7F-57BA-42C7-A715-239CEA8ADC31}.Debug|x64.Build.0 = Debug|x64
		{7185AD7F-57BA-42C7-A715-239CEA8ADC31}.Release|Win32.ActiveCfg = Release|Win32
		{7185AD7F-57BA-42C7-A715-239CEA8ADC31}.Release|Win32.Build.0 = Release|Win32
		{7185AD7F-57BA-42C7-A715-239CEA8ADC31}.Release|x64.ActiveCfg = Release|x64
		{7185AD7F-57BA-42C7-A715-239CEA8ADC31}.Release|x64.Build.0 = Release|x64
		{1E31F9F1-F175-4082-B3E2-B1F0ECA3F44C}.Checked|Win32.ActiveCfg = Checked|Win32
		{1E31F9F1-F175-4082-B3E2-B1F0ECA3F44C}.Checked|Win32.Build.0 = Checked|Win32
		{1E31F9F1-F175-4082-B3E2-B1F0ECA3F44C}.Checked|x64.ActiveCfg = Checked|x64
		{1E31F9F1-F175-4082-B3E2-B1F0ECA3F44C}.Checked|x64.Build.0 = Checked|x64
		{1E31F9F1-F175-4082-B3E2-B1F0ECA3F44C}.Debug|Win32.ActiveCfg = Debug|Win32
		{1E31F9F1-F175-4082-B3E2-B1F0ECA3F44C}.Debug|Win32.Build.0 = Debug|Win32
		{1E31F9F1-F175-4082-B3E2-B1F0ECA3F44C}.Debug|x64.ActiveCfg = Debug|x64
		{1E31F9F1-F175-4082-B3E2-B1F0ECA3F44C}.Debug|x64.Build.0 = Debug|x64
		{1E31F9F1-F175-4082-B3E2-B1F0ECA3F44C}.Release|Win32.ActiveCfg = Release|Win32
		{1E31F9F1-F175-4082-B3E2-B1F0ECA3F44C}.Release|Win32.Build.0 = Release|Win32
		{1E31F9F1-F175-4082-B3E2-B1F0ECA3F44C}.Release|x64.ActiveCfg = Release|x64
		{1E31F9F1-F175-4082-B3E2-B1F0ECA3F44C}.Release|x64.Build.0 = Release|x64
		{6F9955C1-A285-4DE0-B3E6-F69EB08BBD7B}.Checked|Win32.ActiveCfg = Checked|Win32
		{6F9955C1-A285-4DE0-B3E6-F69EB08BBD7B}.Checked|Win32.Build.0 = Checked|Win32
		{6F9955C1-A285-4DE0-B3E6-F69EB08BBD7B}.Checked|x64.ActiveCfg = Checked|x64
		{6F9955C1-A285-4DE0-B3E6-F69EB08BBD7B}.Checked|x64.Build.0 = Checked|x64
		{6F9955C1-A285-4DE0-B3E6-F69EB08BBD7B}.Debug|Win32.ActiveCfg = Debug|Win32
		{6F9955C1-A285-4DE0-B3E6-F69EB08BBD7B}.Debug|Win32.Build.0 = Debug|Win32
		{6F9955C1-A285-4DE0-B3E6-F69EB08BBD7B}.Debug|x64.ActiveCfg = Debug|x64
		{6F9955C1-A285-4DE0-B3E6-F69EB08BBD7B}.Debug|x64.Build.0 = Debug|x64
		{6F9955C1-A285-4DE0-B3E6-F69EB08BBD7B}.Release|Win32.ActiveCfg = Release|Win32
		{6F9955C1-A285-4DE0-B3E6-F69EB08BBD7B}.Release|Win32.Build.0 = Release|Win32
		{6F9955C1-A285-4DE0-B3E6-F69EB08BBD7B}.Release|x64.ActiveCfg = Release|x64
		{6F9955C1-A285-4DE0-B3E6-F69EB08BBD7B}.Release|x64.Build.0 = Release|x64
		{002B897F-9D96-4A99-853F-53806C39559D}.Checked|Win32.ActiveCfg = Checked|Win32
		{002B897F-9D96-4A99-853F-53806C39559D}.Checked|Win32.Build.0 = Checked|Win32
		{002B897F-9D96-4A99-853F-53806C39559D}.Checked|x64.ActiveCfg = Checked|x64
		{002B897F-9D96-4A99-853F-53806C39559D}.Checked|x64.Build.0 = Checked|x64
		{002B897F-9D96-4A99-853F-53806C39559D}.Debug|Win32.ActiveCfg = Debug|Win32
		{002B897F-9D96-4A99-853F-53806C39559D}.Debug|Win32.Build.0 = Debug|Win32
		{002B897F-9D96-4A99-853F-53806C39559D}.Debug|x64.ActiveCfg = Debug|x64
		{002B897F-9D96-4A99-853F-53806C39559D}.Debug|x64.Build.0 = Debug|x64
		{002B897F-9D96-4A99-853F-53806C39559D}.Release|Win32.ActiveCfg = Release|Win32
		{002B897F-9D96-4A99-853F-53806C39559D}.Release|Win32.Build.0 = Release|Win32
		{002B897F-9D96-4A99-853F-53806C39559D}.Release|x64.ActiveCfg = Release|x64
		{002B897F-9D96-4A99-853F-53806C39559D}.Release|x64.Build.0 = Release|x64
		{F42C0547-FEB3-40F4-9379-0FF87B44FA0F}.Checked|Win32.ActiveCfg = Checked|Win32
		{F42C0547-FEB3-40F4-9379-0FF87B44FA0F}.Checked|Win32.Build.0 = Checked|Win32
		{F42C0547-FEB3-40F4-9379-0FF87B44FA0F}.Checked|x64.ActiveCfg = Checked|x64
		{F42C0547-FEB3-40F4-9379-0FF87B44FA0F}.Checked|x64.Build.0 = Checked|x64
		{F42C0547-FEB3-40F4-9379-0FF87B44FA0F}.Debug|Win32.ActiveCfg = Debug|Win32
		{F42C0547-FEB3-40F4-9379-0FF87B44FA0F}.Debug|Win32.Build.0 = Debug|Win32
		{F42C0547-FEB3-40F4-9379-0FF87B44FA0F}.Debug|x64.ActiveCfg = Debug|x64
		{F42C0547-FEB3-40F4-9379-0FF87B44FA0F}.Debug|x64.Build.0 = Debug|x64
		{F42C0547-FEB3-40F4-9379-0FF87B44FA0F}.Release|Win32.ActiveCfg = Release|Win32
		{F42C0547-FEB3-40F4-9379-0FF87B44FA0F}.Release|Win32.Build.0 = Release|Win32
		{F42C0547-FEB3-40F4-9379-0FF87B44FA0F}.Release|x64.ActiveCfg = Release|x64
		{F42C0547-FEB3-40F4-9379-0FF87B44FA0F}.Release|x64.Build.0 = Release|x64
		{4A912445-1E83-41FA-8B80-C0A9BD4E9289}.Checked|Win32.ActiveCfg = Checked|Win32
		{4A912445-1E83-41FA-8B80-C0A9BD4E9289}.Checked|Win32.Build.0 = Checked|Win32
		{4A912445-1E83-41FA-8B80-C0A9BD4E9289}.Checked|x64.ActiveCfg = Checked|x64
		{4A912445-1E83-41FA-8B80-C0A9BD4E9289}.Checked|x64.Build.0 = Checked|x64
		{4A912445-1E83-41FA-8B80-C0A9BD4E9289}.Debug|Win32.ActiveCfg = Debug|Win32
		{4A912445-1E83-41FA-8B80-C0A9BD4E9289}.Debug|Win32.Build.0 = Debug|Win32
		{4A912445-1E83-41FA-8B80-C0A9BD4E9289}.Debug|x64.ActiveCfg = Debug|x64
		{4A912445-1E83-41FA-8B80-C0A9BD4E9289}.Debug|x64.Build.0 = Debug|x64
		{4A912445-1E83-41FA-8B80-C0A9BD4E9289}.Release|Win32.ActiveCfg = Release|Win32
		{4A912445-1E83-41FA-8B80-C0A9BD4E9289}.Release|Win32.Build.0 = Release|Win32
		{4A912445-1E83-41FA-8B80-C0A9BD4E9289}.Release|x64.ActiveCfg = Release|x64
		{4A912445-1E83-41FA-8B80-C0A9BD4E9289}.Release|x64.Build.0 = Release|x64
		{368BA976-8A8A-425C-A082-52FAAD60DEEA}.Checked|Win32.ActiveCfg = Checked|Any CPU
		{368BA976-8A8A-425C-A082-52FAAD60DEEA}.Checked|Win32.Build.0 = Checked|Any CPU
		{368BA976-8A8A-425C-A082-52FAAD60DEEA}.Checked|x64.ActiveCfg = Checked|Any CPU
		{368BA976-8A8A-425C-A082-52FAAD60DEEA}.Checked|x64.Build.0 = Checked|Any CPU
		{368BA976-8A8A-425C-A082-52FAAD60DEEA}.Debug|Win32.ActiveCfg = Debug|Any CPU
		{368BA976-8A8A-425C-A082-52FAAD60DEEA}.Debug|Win32.Build.0 = Debug|Any CPU
		{368BA976-8A8A-425C-A082-52FAAD60DEEA}.Debug|x64.ActiveCfg = Debug|Any CPU
		{368BA976-8A8A-425C-A082-52FAAD60DEEA}.Debug|x64.Build.0 = Debug|Any CPU
		{368BA976-8A8A-425C-A082-52FAAD60DEEA}.Release|Win32.ActiveCfg = Release|Any CPU
		{368BA976-8A8A-425C-A082-52FAAD60DEEA}.Release|Win32.Build.0 = Release|Any CPU
		{368BA976-8A8A-425C-A082-52FAAD60DEEA}.Release|x64.ActiveCfg = Release|Any CPU
		{368BA976-8A8A-425C-A082-52FAAD60DEEA}.Release|x64.Build.0 = Release|Any CPU
	EndGlobalSection
	GlobalSection(SolutionProperties) = preSolution
		HideSolutionNode = FALSE
	EndGlobalSection
	GlobalSection(NestedProjects) = preSolution
		{7185AD7F-57BA-42C7-A715-239CEA8ADC31} = {1C1CF63C-A53A-449F-90D3-63321015FD65}
		{1E31F9F1-F175-4082-B3E2-B1F0ECA3F44C} = {1C1CF63C-A53A-449F-90D3-63321015FD65}
		{6F9955C1-A285-4DE0-B3E6-F69EB08BBD7B} = {A81B52AC-655D-4D1F-B21B-9BC4529AB447}
		{002B897F-9D96-4A99-853F-53806C39559D} = {A81B52AC-655D-4D1F-B21B-9BC4529AB447}
		{F42C0547-FEB3-40F4-9379-0FF87B44FA0F} = {BE733144-010D-4F7F-A619-0B73D8461D60}
		{4A912445-1E83-41FA-8B80-C0A9BD4E9289} = {1C1CF63C-A53A-449F-90D3-63321015FD65}
		{368BA976-8A8A-425C-A082-52FAAD60DEEA} = {A81B52AC-655D-4D1F-B21B-9BC4529AB447}
	EndGlobalSection
EndGlobal
