<?xml version="1.0" encoding="utf-8"?>
<Project ToolsVersion="4.0" xmlns="http://schemas.microsoft.com/developer/msbuild/2003">
  <ItemGroup>
    <Filter Include="Source Files">
      <UniqueIdentifier>{4FC737F1-C7A5-4376-A066-2A32D752A2FF}</UniqueIdentifier>
      <Extensions>cpp;c;cc;cxx;def;odl;idl;hpj;bat;asm;asmx</Extensions>
    </Filter>
    <Filter Include="Header Files">
      <UniqueIdentifier>{93995380-89BD-4b04-88EB-625FBE52EBFB}</UniqueIdentifier>
      <Extensions>h;hh;hpp;hxx;hm;inl;inc;ipp;xsd</Extensions>
    </Filter>
    <Filter Include="Data Files">
      <UniqueIdentifier>{9f454acd-2224-41ca-8e7b-1cf7d585cb47}</UniqueIdentifier>
    </Filter>
  </ItemGroup>
  <ItemGroup>
    <ClCompile Include="color_transform_test.cpp">
      <Filter>Source Files</Filter>
    </ClCompile>
    <ClCompile Include="compliance_test.cpp">
      <Filter>Source Files</Filter>
    </ClCompile>
    <ClCompile Include="default_traits_test.cpp">
      <Filter>Source Files</Filter>
    </ClCompile>
    <ClCompile Include="documentation_test.cpp">
      <Filter>Source Files</Filter>
    </ClCompile>
    <ClCompile Include="encode_test.cpp">
      <Filter>Source Files</Filter>
    </ClCompile>
    <ClCompile Include="golomb_table_test.cpp">
      <Filter>Source Files</Filter>
    </ClCompile>
    <ClCompile Include="jpegls_algorithm_test.cpp">
      <Filter>Source Files</Filter>
    </ClCompile>
    <ClCompile Include="jpegls_decoder_test.cpp">
      <Filter>Source Files</Filter>
    </ClCompile>
    <ClCompile Include="jpeg_error_test.cpp">
      <Filter>Source Files</Filter>
    </ClCompile>
    <ClCompile Include="jpeg_stream_reader_test.cpp">
      <Filter>Source Files</Filter>
    </ClCompile>
    <ClCompile Include="jpeg_stream_writer_test.cpp">
      <Filter>Source Files</Filter>
    </ClCompile>
    <ClCompile Include="jpegls_encoder_test.cpp">
      <Filter>Source Files</Filter>
    </ClCompile>
    <ClCompile Include="jpegls_preset_coding_parameters_test.cpp">
      <Filter>Source Files</Filter>
    </ClCompile>
    <ClCompile Include="lossless_traits_test.cpp">
      <Filter>Source Files</Filter>
    </ClCompile>
    <ClCompile Include="regular_mode_context_test.cpp">
      <Filter>Source Files</Filter>
    </ClCompile>
    <ClCompile Include="run_mode_context_test.cpp">
      <Filter>Source Files</Filter>
    </ClCompile>
    <ClCompile Include="scan_decoder_test.cpp">
      <Filter>Source Files</Filter>
    </ClCompile>
    <ClCompile Include="scan_encoder_test.cpp">
      <Filter>Source Files</Filter>
    </ClCompile>
    <ClCompile Include="util_test.cpp">
      <Filter>Source Files</Filter>
    </ClCompile>
    <ClCompile Include="validate_spiff_header_test.cpp">
      <Filter>Source Files</Filter>
    </ClCompile>
    <ClCompile Include="version_test.cpp">
      <Filter>Source Files</Filter>
    </ClCompile>
    <ClCompile Include="charls_jpegls_decoder_test.cpp">
      <Filter>Source Files</Filter>
    </ClCompile>
    <ClCompile Include="support.cpp">
      <Filter>Source Files</Filter>
    </ClCompile>
    <ClCompile Include="charls_jpegls_encoder_test.cpp">
      <Filter>Source Files</Filter>
    </ClCompile>
    <ClCompile Include="pch.cpp">
      <Filter>Source Files</Filter>
    </ClCompile>
    <ClCompile Include="sample_traits_test.cpp">
      <Filter>Source Files</Filter>
    </ClCompile>
    <ClCompile Include="quantization_lut_test.cpp">
      <Filter>Source Files</Filter>
    </ClCompile>
  </ItemGroup>
  <ItemGroup>
    <ClInclude Include="jpeg_test_stream_writer.hpp">
      <Filter>Header Files</Filter>
    </ClInclude>
    <ClInclude Include="support.hpp">
      <Filter>Header Files</Filter>
    </ClInclude>
    <ClInclude Include="jpegls_preset_coding_parameters_test.hpp">
      <Filter>Header Files</Filter>
    </ClInclude>
    <ClInclude Include="scan_encoder_tester.hpp">
      <Filter>Header Files</Filter>
    </ClInclude>
    <ClInclude Include="pch.hpp">
      <Filter>Header Files</Filter>
    </ClInclude>
  </ItemGroup>
  <ItemGroup>
    <None Include="vcpkg.json" />
  </ItemGroup>
  <ItemGroup>
    <CopyFileToFolders Include="data/test8_ilv_line_rm_7.jls">
      <Filter>Data Files</Filter>
    </CopyFileToFolders>
    <CopyFileToFolders Include="data/test8_ilv_none_rm_7.jls">
      <Filter>Data Files</Filter>
    </CopyFileToFolders>
    <CopyFileToFolders Include="data/test8_ilv_sample_rm_7.jls">
      <Filter>Data Files</Filter>
    </CopyFileToFolders>
    <CopyFileToFolders Include="data/test8_ilv_sample_rm_300.jls">
      <Filter>Data Files</Filter>
    </CopyFileToFolders>
    <CopyFileToFolders Include="data/test16_rm_5.jls">
      <Filter>Data Files</Filter>
    </CopyFileToFolders>
    <CopyFileToFolders Include="data/tulips-gray-8bit-512-512.pgm">
      <Filter>Data Files</Filter>
    </CopyFileToFolders>
    <CopyFileToFolders Include="data/2bit_parrot_150x200.pgm">
      <Filter>Data Files</Filter>
    </CopyFileToFolders>
    <CopyFileToFolders Include="data/4bit-monochrome.pgm">
      <Filter>Data Files</Filter>
    </CopyFileToFolders>
    <CopyFileToFolders Include="data/8bit-monochrome-2x2.jls">
      <Filter>Data Files</Filter>
    </CopyFileToFolders>
    <CopyFileToFolders Include="data/16-bit-640-480-many-dots.pgm">
      <Filter>Data Files</Filter>
    </CopyFileToFolders>
    <CopyFileToFolders Include="data/ff_in_entropy_data.jls">
      <Filter>Data Files</Filter>
    </CopyFileToFolders>
    <CopyFileToFolders Include="data/fuzzy_input_golomb_16.jls">
      <Filter>Data Files</Filter>
    </CopyFileToFolders>
    <CopyFileToFolders Include="data/fuzzy-input-no-valid-bits-at-the-end.jls">
      <Filter>Data Files</Filter>
    </CopyFileToFolders>
    <CopyFileToFolders Include="data/fuzzy-input-bad-run-mode-golomb-code.jls">
      <Filter>Data Files</Filter>
    </CopyFileToFolders>
    <CopyFileToFolders Include="data/land10-10bit-rgb-hp3-invalid.jls">
      <Filter>Data Files</Filter>
    </CopyFileToFolders>
    <CopyFileToFolders Include="data/no_start_byte_after_encoded_scan.jls">
      <Filter>Data Files</Filter>
    </CopyFileToFolders>
    <CopyFileToFolders Include="data/banny.jls">
      <Filter>Data Files</Filter>
    </CopyFileToFolders>
    <CopyFileToFolders Include="data/banny.ppm">
      <Filter>Data Files</Filter>
    </CopyFileToFolders>
    <CopyFileToFolders Include="data/banny-hp1.jls">
      <Filter>Data Files</Filter>
    </CopyFileToFolders>
    <CopyFileToFolders Include="data/banny-hp2.jls">
      <Filter>Data Files</Filter>
    </CopyFileToFolders>
    <CopyFileToFolders Include="data/banny-hp3.jls">
      <Filter>Data Files</Filter>
    </CopyFileToFolders>
    <CopyFileToFolders Include="data/conformance/t8c0e0.jls">
      <Filter>Data Files</Filter>
    </CopyFileToFolders>
    <CopyFileToFolders Include="data/conformance/t8c0e3.jls">
      <Filter>Data Files</Filter>
    </CopyFileToFolders>
    <CopyFileToFolders Include="data/conformance/t8c1e0.jls">
      <Filter>Data Files</Filter>
    </CopyFileToFolders>
    <CopyFileToFolders Include="data/conformance/t8c1e3.jls">
      <Filter>Data Files</Filter>
    </CopyFileToFolders>
    <CopyFileToFolders Include="data/conformance/t8c2e0.jls">
      <Filter>Data Files</Filter>
    </CopyFileToFolders>
    <CopyFileToFolders Include="data/conformance/t8c2e3.jls">
      <Filter>Data Files</Filter>
    </CopyFileToFolders>
    <CopyFileToFolders Include="data/conformance/t8nde0.jls">
      <Filter>Data Files</Filter>
    </CopyFileToFolders>
    <CopyFileToFolders Include="data/conformance/t8nde3.jls">
      <Filter>Data Files</Filter>
    </CopyFileToFolders>
    <CopyFileToFolders Include="data/conformance/t16e0.jls">
      <Filter>Data Files</Filter>
    </CopyFileToFolders>
    <CopyFileToFolders Include="data/conformance/t16e3.jls">
      <Filter>Data Files</Filter>
    </CopyFileToFolders>
    <CopyFileToFolders Include="data/conformance/test8.ppm">
      <Filter>Data Files</Filter>
    </CopyFileToFolders>
    <CopyFileToFolders Include="data/conformance/test8bs2.pgm">
      <Filter>Data Files</Filter>
    </CopyFileToFolders>
    <CopyFileToFolders Include="data/conformance/test16.pgm">
      <Filter>Data Files</Filter>
    </CopyFileToFolders>
    <CopyFileToFolders Include="data/tulips-gray-8bit-512-512-hp-encoder.jls">
      <Filter>Data Files</Filter>
    </CopyFileToFolders>
  </ItemGroup>
</Project>