<?xml version="1.0" encoding="utf-8"?>
<Project ToolsVersion="4.0" xmlns="http://schemas.microsoft.com/developer/msbuild/2003">
  <ItemGroup>
    <ClCompile Include="interface.cpp">
      <Filter>Source Files</Filter>
    </ClCompile>
    <ClCompile Include="jpegls.cpp">
      <Filter>Source Files</Filter>
    </ClCompile>
    <ClCompile Include="jpegmarkersegment.cpp">
      <Filter>Source Files</Filter>
    </ClCompile>
    <ClCompile Include="jpegstreamwriter.cpp">
      <Filter>Source Files</Filter>
    </ClCompile>
    <ClCompile Include="jpegstreamreader.cpp">
      <Filter>Source Files</Filter>
    </ClCompile>
  </ItemGroup>
  <ItemGroup>
    <ClInclude Include="colortransform.h">
      <Filter>Header Files</Filter>
    </ClInclude>
    <ClInclude Include="context.h">
      <Filter>Header Files</Filter>
    </ClInclude>
    <ClInclude Include="contextrunmode.h">
      <Filter>Header Files</Filter>
    </ClInclude>
    <ClInclude Include="decoderstrategy.h">
      <Filter>Header Files</Filter>
    </ClInclude>
    <ClInclude Include="defaulttraits.h">
      <Filter>Header Files</Filter>
    </ClInclude>
    <ClInclude Include="encoderstrategy.h">
      <Filter>Header Files</Filter>
    </ClInclude>
    <ClInclude Include="lookuptable.h">
      <Filter>Header Files</Filter>
    </ClInclude>
    <ClInclude Include="losslesstraits.h">
      <Filter>Header Files</Filter>
    </ClInclude>
    <ClInclude Include="processline.h">
      <Filter>Header Files</Filter>
    </ClInclude>
    <ClInclude Include="publictypes.h">
      <Filter>Header Files</Filter>
    </ClInclude>
    <ClInclude Include="scan.h">
      <Filter>Header Files</Filter>
    </ClInclude>
    <ClInclude Include="util.h">
      <Filter>Header Files</Filter>
    </ClInclude>
    <ClInclude Include="jpegstreamwriter.h">
      <Filter>Header Files</Filter>
    </ClInclude>
    <ClInclude Include="jpegsegment.h">
      <Filter>Header Files</Filter>
    </ClInclude>
    <ClInclude Include="jpegmarkersegment.h">
      <Filter>Header Files</Filter>
    </ClInclude>
    <ClInclude Include="jpegimagedatasegment.h">
      <Filter>Header Files</Filter>
    </ClInclude>
    <ClInclude Include="jpegmarkercode.h">
      <Filter>Header Files</Filter>
    </ClInclude>
    <ClInclude Include="jpegstreamreader.h">
      <Filter>Header Files</Filter>
    </ClInclude>
    <ClInclude Include="charls.h">
      <Filter>Header Files</Filter>
    </ClInclude>
    <ClInclude Include="jlscodecfactory.h">
      <Filter>Header Files</Filter>
    </ClInclude>
  </ItemGroup>
  <ItemGroup>
    <ResourceCompile Include="charls.rc" />
  </ItemGroup>
  <ItemGroup>
    <None Include="JpegStreamWriter.cd">
      <Filter>Design</Filter>
    </None>
    <None Include="charls.def" />
  </ItemGroup>
  <ItemGroup>
    <Filter Include="Header Files">
      <UniqueIdentifier>{5d25b211-7a6a-4e81-81b7-9fa989df7518}</UniqueIdentifier>
    </Filter>
    <Filter Include="Source Files">
      <UniqueIdentifier>{5878f549-2a1c-4453-b438-dc34c34aa9af}</UniqueIdentifier>
    </Filter>
    <Filter Include="Design">
      <UniqueIdentifier>{fa2c9109-3699-4d9b-a224-c59a1b549527}</UniqueIdentifier>
    </Filter>
  </ItemGroup>
  <ItemGroup>
    <Text Include="styleanddesign.txt" />
  </ItemGroup>
</Project>