<?xml version="1.0" encoding="utf-8"?>
<Project ToolsVersion="4.0" xmlns="http://schemas.microsoft.com/developer/msbuild/2003">
  <ItemGroup>
    <ClCompile Include="jpegls.cpp">
      <Filter>Source Files</Filter>
    </ClCompile>
    <ClCompile Include="jpegls_error.cpp">
      <Filter>Source Files</Filter>
    </ClCompile>
    <ClCompile Include="jpeg_stream_reader.cpp">
      <Filter>Source Files</Filter>
    </ClCompile>
    <ClCompile Include="jpeg_stream_writer.cpp">
      <Filter>Source Files</Filter>
    </ClCompile>
    <ClCompile Include="charls_jpegls_encoder.cpp">
      <Filter>Source Files</Filter>
    </ClCompile>
    <ClCompile Include="charls_jpegls_decoder.cpp">
      <Filter>Source Files</Filter>
    </ClCompile>
    <ClCompile Include="version.cpp">
      <Filter>Source Files</Filter>
    </ClCompile>
  </ItemGroup>
  <ItemGroup>
    <ClInclude Include="context.h">
      <Filter>Header Files</Filter>
    </ClInclude>
    <ClInclude Include="scan.h">
      <Filter>Header Files</Filter>
    </ClInclude>
    <ClInclude Include="util.h">
      <Filter>Header Files</Filter>
    </ClInclude>
    <ClInclude Include="constants.h">
      <Filter>Header Files</Filter>
    </ClInclude>
    <ClInclude Include="..\include\charls\charls.h">
      <Filter>Header Files</Filter>
    </ClInclude>
    <ClInclude Include="..\include\charls\jpegls_error.h">
      <Filter>Header Files</Filter>
    </ClInclude>
    <ClInclude Include="..\include\charls\api_abi.h">
      <Filter>Header Files</Filter>
    </ClInclude>
    <ClInclude Include="color_transform.h">
      <Filter>Header Files</Filter>
    </ClInclude>
    <ClInclude Include="context_run_mode.h">
      <Filter>Header Files</Filter>
    </ClInclude>
    <ClInclude Include="decoder_strategy.h">
      <Filter>Header Files</Filter>
    </ClInclude>
    <ClInclude Include="default_traits.h">
      <Filter>Header Files</Filter>
    </ClInclude>
    <ClInclude Include="encoder_strategy.h">
      <Filter>Header Files</Filter>
    </ClInclude>
    <ClInclude Include="jls_codec_factory.h">
      <Filter>Header Files</Filter>
    </ClInclude>
    <ClInclude Include="jpeg_marker_code.h">
      <Filter>Header Files</Filter>
    </ClInclude>
    <ClInclude Include="jpeg_stream_reader.h">
      <Filter>Header Files</Filter>
    </ClInclude>
    <ClInclude Include="jpeg_stream_writer.h">
      <Filter>Header Files</Filter>
    </ClInclude>
    <ClInclude Include="lookup_table.h">
      <Filter>Header Files</Filter>
    </ClInclude>
    <ClInclude Include="lossless_traits.h">
      <Filter>Header Files</Filter>
    </ClInclude>
    <ClInclude Include="process_line.h">
      <Filter>Header Files</Filter>
    </ClInclude>
    <ClInclude Include="..\include\charls\public_types.h">
      <Filter>Header Files</Filter>
    </ClInclude>
    <ClInclude Include="jpegls_preset_coding_parameters.h">
      <Filter>Header Files</Filter>
    </ClInclude>
    <ClInclude Include="jpegls_preset_parameters_type.h">
      <Filter>Header Files</Filter>
    </ClInclude>
    <ClInclude Include="..\include\charls\version.h">
      <Filter>Header Files</Filter>
    </ClInclude>
    <ClInclude Include="..\include\charls\annotations.h">
      <Filter>Header Files</Filter>
    </ClInclude>
    <ClInclude Include="coding_parameters.h">
      <Filter>Header Files</Filter>
    </ClInclude>
    <ClInclude Include="byte_span.h">
      <Filter>Header Files</Filter>
    </ClInclude>
    <ClInclude Include="..\include\charls\charls_jpegls_decoder.h">
      <Filter>Header Files</Filter>
    </ClInclude>
    <ClInclude Include="..\include\charls\charls_jpegls_encoder.h">
      <Filter>Header Files</Filter>
    </ClInclude>
  </ItemGroup>
  <ItemGroup>
    <ResourceCompile Include="charls.rc" />
  </ItemGroup>
  <ItemGroup>
    <None Include="charls.def" />
    <None Include="..\doc\style_and_design.md">
      <Filter>Design</Filter>
    </None>
    <None Include="design\JpegStream.cd">
      <Filter>Design</Filter>
    </None>
    <None Include="design\Strategy.cd">
      <Filter>Design</Filter>
    </None>
  </ItemGroup>
  <ItemGroup>
    <Filter Include="Header Files">
      <UniqueIdentifier>{5d25b211-7a6a-4e81-81b7-9fa989df7518}</UniqueIdentifier>
    </Filter>
    <Filter Include="Source Files">
      <UniqueIdentifier>{5878f549-2a1c-4453-b438-dc34c34aa9af}</UniqueIdentifier>
    </Filter>
    <Filter Include="Design">
      <UniqueIdentifier>{fa2c9109-3699-4d9b-a224-c59a1b549527}</UniqueIdentifier>
    </Filter>
  </ItemGroup>
</Project>